
Microsoft Visual Studio Solution File, Format Version 12.00
# Visual Studio Version 16
VisualStudioVersion = 16.0.30611.23
MinimumVisualStudioVersion = 10.0.40219.1
Project("{9A19103F-16F7-4668-BE54-9A1E7A4F7556}") = "SkiaCore", "SkiaCore\SkiaCore.csproj", "{441F3FB6-69D5-4DE3-8AA5-6A29DDC6B062}"
EndProject
Project("{9A19103F-16F7-4668-BE54-9A1E7A4F7556}") = "SkiaTest", "..\SkiaTest\SkiaTest\SkiaTest.csproj", "{8EFEDAC2-F68F-4FD0-9ACB-D0FB8AE61BD7}"
EndProject
Project("{FAE04EC0-301F-11D3-BF4B-00C04F79EFBC}") = "SkiaCoreTests", "SkiaCore.Tests\SkiaCoreTests\SkiaCoreTests.csproj", "{77833FD7-ED87-4AB7-96B4-40A15B08A189}"
EndProject
Global
	GlobalSection(SolutionConfigurationPlatforms) = preSolution
		Debug|Any CPU = Debug|Any CPU
		Debug|ARM = Debug|ARM
		Debug|x64 = Debug|x64
		Debug|x86 = Debug|x86
		Release|Any CPU = Release|Any CPU
		Release|ARM = Release|ARM
		Release|x64 = Release|x64
		Release|x86 = Release|x86
	EndGlobalSection
	GlobalSection(ProjectConfigurationPlatforms) = postSolution
		{441F3FB6-69D5-4DE3-8AA5-6A29DDC6B062}.Debug|Any CPU.ActiveCfg = Debug|Any CPU
		{441F3FB6-69D5-4DE3-8AA5-6A29DDC6B062}.Debug|Any CPU.Build.0 = Debug|Any CPU
		{441F3FB6-69D5-4DE3-8AA5-6A29DDC6B062}.Debug|ARM.ActiveCfg = Debug|Any CPU
		{441F3FB6-69D5-4DE3-8AA5-6A29DDC6B062}.Debug|ARM.Build.0 = Debug|Any CPU
		{441F3FB6-69D5-4DE3-8AA5-6A29DDC6B062}.Debug|x64.ActiveCfg = Debug|Any CPU
		{441F3FB6-69D5-4DE3-8AA5-6A29DDC6B062}.Debug|x64.Build.0 = Debug|Any CPU
		{441F3FB6-69D5-4DE3-8AA5-6A29DDC6B062}.Debug|x86.ActiveCfg = Debug|Any CPU
		{441F3FB6-69D5-4DE3-8AA5-6A29DDC6B062}.Debug|x86.Build.0 = Debug|Any CPU
		{441F3FB6-69D5-4DE3-8AA5-6A29DDC6B062}.Release|Any CPU.ActiveCfg = Release|Any CPU
		{441F3FB6-69D5-4DE3-8AA5-6A29DDC6B062}.Release|Any CPU.Build.0 = Release|Any CPU
		{441F3FB6-69D5-4DE3-8AA5-6A29DDC6B062}.Release|ARM.ActiveCfg = Release|Any CPU
		{441F3FB6-69D5-4DE3-8AA5-6A29DDC6B062}.Release|ARM.Build.0 = Release|Any CPU
		{441F3FB6-69D5-4DE3-8AA5-6A29DDC6B062}.Release|x64.ActiveCfg = Release|Any CPU
		{441F3FB6-69D5-4DE3-8AA5-6A29DDC6B062}.Release|x64.Build.0 = Release|Any CPU
		{441F3FB6-69D5-4DE3-8AA5-6A29DDC6B062}.Release|x86.ActiveCfg = Release|Any CPU
		{441F3FB6-69D5-4DE3-8AA5-6A29DDC6B062}.Release|x86.Build.0 = Release|Any CPU
		{8EFEDAC2-F68F-4FD0-9ACB-D0FB8AE61BD7}.Debug|Any CPU.ActiveCfg = Debug|Any CPU
		{8EFEDAC2-F68F-4FD0-9ACB-D0FB8AE61BD7}.Debug|Any CPU.Build.0 = Debug|Any CPU
		{8EFEDAC2-F68F-4FD0-9ACB-D0FB8AE61BD7}.Debug|ARM.ActiveCfg = Debug|Any CPU
		{8EFEDAC2-F68F-4FD0-9ACB-D0FB8AE61BD7}.Debug|ARM.Build.0 = Debug|Any CPU
		{8EFEDAC2-F68F-4FD0-9ACB-D0FB8AE61BD7}.Debug|x64.ActiveCfg = Debug|Any CPU
		{8EFEDAC2-F68F-4FD0-9ACB-D0FB8AE61BD7}.Debug|x64.Build.0 = Debug|Any CPU
		{8EFEDAC2-F68F-4FD0-9ACB-D0FB8AE61BD7}.Debug|x86.ActiveCfg = Debug|Any CPU
		{8EFEDAC2-F68F-4FD0-9ACB-D0FB8AE61BD7}.Debug|x86.Build.0 = Debug|Any CPU
		{8EFEDAC2-F68F-4FD0-9ACB-D0FB8AE61BD7}.Release|Any CPU.ActiveCfg = Release|Any CPU
		{8EFEDAC2-F68F-4FD0-9ACB-D0FB8AE61BD7}.Release|Any CPU.Build.0 = Release|Any CPU
		{8EFEDAC2-F68F-4FD0-9ACB-D0FB8AE61BD7}.Release|ARM.ActiveCfg = Release|Any CPU
		{8EFEDAC2-F68F-4FD0-9ACB-D0FB8AE61BD7}.Release|ARM.Build.0 = Release|Any CPU
		{8EFEDAC2-F68F-4FD0-9ACB-D0FB8AE61BD7}.Release|x64.ActiveCfg = Release|Any CPU
		{8EFEDAC2-F68F-4FD0-9ACB-D0FB8AE61BD7}.Release|x64.Build.0 = Release|Any CPU
		{8EFEDAC2-F68F-4FD0-9ACB-D0FB8AE61BD7}.Release|x86.ActiveCfg = Release|Any CPU
		{8EFEDAC2-F68F-4FD0-9ACB-D0FB8AE61BD7}.Release|x86.Build.0 = Release|Any CPU
		{77833FD7-ED87-4AB7-96B4-40A15B08A189}.Debug|Any CPU.ActiveCfg = Debug|Any CPU
		{77833FD7-ED87-4AB7-96B4-40A15B08A189}.Debug|Any CPU.Build.0 = Debug|Any CPU
		{77833FD7-ED87-4AB7-96B4-40A15B08A189}.Debug|ARM.ActiveCfg = Debug|Any CPU
		{77833FD7-ED87-4AB7-96B4-40A15B08A189}.Debug|ARM.Build.0 = Debug|Any CPU
		{77833FD7-ED87-4AB7-96B4-40A15B08A189}.Debug|x64.ActiveCfg = Debug|Any CPU
		{77833FD7-ED87-4AB7-96B4-40A15B08A189}.Debug|x64.Build.0 = Debug|Any CPU
		{77833FD7-ED87-4AB7-96B4-40A15B08A189}.Debug|x86.ActiveCfg = Debug|Any CPU
		{77833FD7-ED87-4AB7-96B4-40A15B08A189}.Debug|x86.Build.0 = Debug|Any CPU
		{77833FD7-ED87-4AB7-96B4-40A15B08A189}.Release|Any CPU.ActiveCfg = Release|Any CPU
		{77833FD7-ED87-4AB7-96B4-40A15B08A189}.Release|Any CPU.Build.0 = Release|Any CPU
		{77833FD7-ED87-4AB7-96B4-40A15B08A189}.Release|ARM.ActiveCfg = Release|Any CPU
		{77833FD7-ED87-4AB7-96B4-40A15B08A189}.Release|ARM.Build.0 = Release|Any CPU
		{77833FD7-ED87-4AB7-96B4-40A15B08A189}.Release|x64.ActiveCfg = Release|Any CPU
		{77833FD7-ED87-4AB7-96B4-40A15B08A189}.Release|x64.Build.0 = Release|Any CPU
		{77833FD7-ED87-4AB7-96B4-40A15B08A189}.Release|x86.ActiveCfg = Release|Any CPU
		{77833FD7-ED87-4AB7-96B4-40A15B08A189}.Release|x86.Build.0 = Release|Any CPU
	EndGlobalSection
	GlobalSection(SolutionProperties) = preSolution
		HideSolutionNode = FALSE
	EndGlobalSection
	GlobalSection(ExtensibilityGlobals) = postSolution
		SolutionGuid = {BFEAA1CA-1B31-42FE-BCF3-F5A761B9A9A2}
	EndGlobalSection
EndGlobal
